{
  "name": "MonGsdyApp",
  "lockfileVersion": 3,
  "requires": true,
  "packages": {
    "": {
      "dependencies": {
        "@swimlane/ngx-charts": "^22.0.0"
      }
    },
    "node_modules/@swimlane/ngx-charts": {
      "version": "22.0.0",
      "resolved": "https://pkgs.dev.azure.com/ardianfrance/_packaging/Common/npm/registry/@swimlane/ngx-charts/-/ngx-charts-22.0.0.tgz",
      "integrity": "sha1-ASFuxmdSHsqU3I2hhnoY78poDBo=",
      "license": "MIT",
      "dependencies": {
        "d3-array": "^3.2.0",
        "d3-brush": "^3.0.0",
        "d3-color": "^3.1.0",
        "d3-ease": "^3.0.1",
        "d3-format": "^3.1.0",
        "d3-hierarchy": "^3.1.2",
        "d3-interpolate": "^3.0.1",
        "d3-sankey": "^0.12.3",
        "d3-scale": "^4.0.2",
        "d3-selection": "^3.0.0",
        "d3-shape": "^3.2.0",
        "d3-time-format": "^4.1.0",
        "d3-transition": "^3.0.1",
        "gradient-path": "^2.3.0",
        "tslib": "^2.3.1"
      },
      "peerDependencies": {
        "@angular/animations": "17.x || 18.x || 19.x",
        "@angular/cdk": "17.x || 18.x || 19.x",
        "@angular/common": "17.x || 18.x || 19.x",
        "@angular/core": "17.x || 18.x || 19.x",
        "@angular/forms": "17.x || 18.x || 19.x",
        "@angular/platform-browser": "17.x || 18.x || 19.x",
        "@angular/platform-browser-dynamic": "17.x || 18.x || 19.x",
        "rxjs": "7.x"
      }
    },
    "node_modules/@types/tinycolor2": {
      "version": "1.4.6",
      "resolved": "https://pkgs.dev.azure.com/ardianfrance/_packaging/Common/npm/registry/@types/tinycolor2/-/tinycolor2-1.4.6.tgz",
      "integrity": "sha1-Zwy8DK9OWN1h0eOm8mOG5HMIfwY=",
      "license": "MIT"
    },
    "node_modules/d3-array": {
      "version": "3.2.4",
      "resolved": "https://pkgs.dev.azure.com/ardianfrance/_packaging/Common/npm/registry/d3-array/-/d3-array-3.2.4.tgz",
      "integrity": "sha1-Ff7DOyN/l6xdfJhtx32ic6jtC7U=",
      "license": "ISC",
      "dependencies": {
        "internmap": "1 - 2"
      },
      "engines": {
        "node": ">=12"
      }
    },
    "node_modules/d3-brush": {
      "version": "3.0.0",
      "resolved": "https://pkgs.dev.azure.com/ardianfrance/_packaging/Common/npm/registry/d3-brush/-/d3-brush-3.0.0.tgz",
      "integrity": "sha1-b3Z8Ttjct53n7ePhwPieY+9k0xw=",
      "license": "ISC",
      "dependencies": {
        "d3-dispatch": "1 - 3",
        "d3-drag": "2 - 3",
        "d3-interpolate": "1 - 3",
        "d3-selection": "3",
        "d3-transition": "3"
      },
      "engines": {
        "node": ">=12"
      }
    },
    "node_modules/d3-color": {
      "version": "3.1.0",
      "resolved": "https://pkgs.dev.azure.com/ardianfrance/_packaging/Common/npm/registry/d3-color/-/d3-color-3.1.0.tgz",
      "integrity": "sha1-OVsoM9+scVB/EqwvevI7+BneJOI=",
      "license": "ISC",
      "engines": {
        "node": ">=12"
      }
    },
    "node_modules/d3-dispatch": {
      "version": "3.0.1",
      "resolved": "https://pkgs.dev.azure.com/ardianfrance/_packaging/Common/npm/registry/d3-dispatch/-/d3-dispatch-3.0.1.tgz",
      "integrity": "sha1-X8dShOnCN1w2yDlBGgz1UMv8TV4=",
      "license": "ISC",
      "engines": {
        "node": ">=12"
      }
    },
    "node_modules/d3-drag": {
      "version": "3.0.0",
      "resolved": "https://pkgs.dev.azure.com/ardianfrance/_packaging/Common/npm/registry/d3-drag/-/d3-drag-3.0.0.tgz",
      "integrity": "sha1-mUqunNI8cZ9TteEOOgphCMaWB7o=",
      "license": "ISC",
      "dependencies": {
        "d3-dispatch": "1 - 3",
        "d3-selection": "3"
      },
      "engines": {
        "node": ">=12"
      }
    },
    "node_modules/d3-ease": {
      "version": "3.0.1",
      "resolved": "https://pkgs.dev.azure.com/ardianfrance/_packaging/Common/npm/registry/d3-ease/-/d3-ease-3.0.1.tgz",
      "integrity": "sha1-llisOKIUDVnTRhYPH2ww/aC9EvQ=",
      "license": "BSD-3-Clause",
      "engines": {
        "node": ">=12"
      }
    },
    "node_modules/d3-format": {
      "version": "3.1.0",
      "resolved": "https://pkgs.dev.azure.com/ardianfrance/_packaging/Common/npm/registry/d3-format/-/d3-format-3.1.0.tgz",
      "integrity": "sha1-kmDiOijqXLEJ6TshoG4k4uvVVkE=",
      "license": "ISC",
      "engines": {
        "node": ">=12"
      }
    },
    "node_modules/d3-hierarchy": {
      "version": "3.1.2",
      "resolved": "https://pkgs.dev.azure.com/ardianfrance/_packaging/Common/npm/registry/d3-hierarchy/-/d3-hierarchy-3.1.2.tgz",
      "integrity": "sha1-sBzULB7tPUbbd6WWbPcm+MCRYMY=",
      "license": "ISC",
      "engines": {
        "node": ">=12"
      }
    },
    "node_modules/d3-interpolate": {
      "version": "3.0.1",
      "resolved": "https://pkgs.dev.azure.com/ardianfrance/_packaging/Common/npm/registry/d3-interpolate/-/d3-interpolate-3.0.1.tgz",
      "integrity": "sha1-PEeqWzLFs9+1bvP9Q0IHimMrQA0=",
      "license": "ISC",
      "dependencies": {
        "d3-color": "1 - 3"
      },
      "engines": {
        "node": ">=12"
      }
    },
    "node_modules/d3-path": {
      "version": "3.1.0",
      "resolved": "https://pkgs.dev.azure.com/ardianfrance/_packaging/Common/npm/registry/d3-path/-/d3-path-3.1.0.tgz",
      "integrity": "sha1-It+TkDL7WnGuixgA1h3beFHEJSY=",
      "license": "ISC",
      "engines": {
        "node": ">=12"
      }
    },
    "node_modules/d3-sankey": {
      "version": "0.12.3",
      "resolved": "https://pkgs.dev.azure.com/ardianfrance/_packaging/Common/npm/registry/d3-sankey/-/d3-sankey-0.12.3.tgz",
      "integrity": "sha1-s8JoYnvXLl2AM26N5qy/7J0V0B0=",
      "license": "BSD-3-Clause",
      "dependencies": {
        "d3-array": "1 - 2",
        "d3-shape": "^1.2.0"
      }
    },
    "node_modules/d3-sankey/node_modules/d3-array": {
      "version": "2.12.1",
      "resolved": "https://pkgs.dev.azure.com/ardianfrance/_packaging/Common/npm/registry/d3-array/-/d3-array-2.12.1.tgz",
      "integrity": "sha1-4gtBqvzf/fXVCSgATs7PgVpGXoE=",
      "license": "BSD-3-Clause",
      "dependencies": {
        "internmap": "^1.0.0"
      }
    },
    "node_modules/d3-sankey/node_modules/d3-path": {
      "version": "1.0.9",
      "resolved": "https://pkgs.dev.azure.com/ardianfrance/_packaging/Common/npm/registry/d3-path/-/d3-path-1.0.9.tgz",
      "integrity": "sha1-SMBQux/owmJJOoyvVSTj6VkXAc8=",
      "license": "BSD-3-Clause"
    },
    "node_modules/d3-sankey/node_modules/d3-shape": {
      "version": "1.3.7",
      "resolved": "https://pkgs.dev.azure.com/ardianfrance/_packaging/Common/npm/registry/d3-shape/-/d3-shape-1.3.7.tgz",
      "integrity": "sha1-32OAG+B7yYa8VPY3ibT+UCmStdc=",
      "license": "BSD-3-Clause",
      "dependencies": {
        "d3-path": "1"
      }
    },
    "node_modules/d3-sankey/node_modules/internmap": {
      "version": "1.0.1",
      "resolved": "https://pkgs.dev.azure.com/ardianfrance/_packaging/Common/npm/registry/internmap/-/internmap-1.0.1.tgz",
      "integrity": "sha1-ABfMijuZYF8DAvKxmNJy4BXl35U=",
      "license": "ISC"
    },
    "node_modules/d3-scale": {
      "version": "4.0.2",
      "resolved": "https://pkgs.dev.azure.com/ardianfrance/_packaging/Common/npm/registry/d3-scale/-/d3-scale-4.0.2.tgz",
      "integrity": "sha1-grOOjo/3CAdk+Nzsd71L45Nok5Y=",
      "license": "ISC",
      "dependencies": {
        "d3-array": "2.10.0 - 3",
        "d3-format": "1 - 3",
        "d3-interpolate": "1.2.0 - 3",
        "d3-time": "2.1.1 - 3",
        "d3-time-format": "2 - 4"
      },
      "engines": {
        "node": ">=12"
      }
    },
    "node_modules/d3-selection": {
      "version": "3.0.0",
      "resolved": "https://pkgs.dev.azure.com/ardianfrance/_packaging/Common/npm/registry/d3-selection/-/d3-selection-3.0.0.tgz",
      "integrity": "sha1-wlM4IH76csxbm9FFihpBkB8eGzE=",
      "license": "ISC",
      "engines": {
        "node": ">=12"
      }
    },
    "node_modules/d3-shape": {
      "version": "3.2.0",
      "resolved": "https://pkgs.dev.azure.com/ardianfrance/_packaging/Common/npm/registry/d3-shape/-/d3-shape-3.2.0.tgz",
      "integrity": "sha1-oag5y9m6RfKGdMadf4Vbz5HfxqU=",
      "license": "ISC",
      "dependencies": {
        "d3-path": "^3.1.0"
      },
      "engines": {
        "node": ">=12"
      }
    },
    "node_modules/d3-time": {
      "version": "3.1.0",
      "resolved": "https://pkgs.dev.azure.com/ardianfrance/_packaging/Common/npm/registry/d3-time/-/d3-time-3.1.0.tgz",
      "integrity": "sha1-kxDbVumS48AXXh7zheVF5Iqbtcc=",
      "license": "ISC",
      "dependencies": {
        "d3-array": "2 - 3"
      },
      "engines": {
        "node": ">=12"
      }
    },
    "node_modules/d3-time-format": {
      "version": "4.1.0",
      "resolved": "https://pkgs.dev.azure.com/ardianfrance/_packaging/Common/npm/registry/d3-time-format/-/d3-time-format-4.1.0.tgz",
      "integrity": "sha1-erUlelBB0R7LT+cKXH0WoZW7QIo=",
      "license": "ISC",
      "dependencies": {
        "d3-time": "1 - 3"
      },
      "engines": {
        "node": ">=12"
      }
    },
    "node_modules/d3-timer": {
      "version": "3.0.1",
      "resolved": "https://pkgs.dev.azure.com/ardianfrance/_packaging/Common/npm/registry/d3-timer/-/d3-timer-3.0.1.tgz",
      "integrity": "sha1-YoTSonCChbGrt+IB7aQ4CvNeY7A=",
      "license": "ISC",
      "engines": {
        "node": ">=12"
      }
    },
    "node_modules/d3-transition": {
      "version": "3.0.1",
      "resolved": "https://pkgs.dev.azure.com/ardianfrance/_packaging/Common/npm/registry/d3-transition/-/d3-transition-3.0.1.tgz",
      "integrity": "sha1-aGn93hRIhoB3/dWYkgDLYbKhZF8=",
      "license": "ISC",
      "dependencies": {
        "d3-color": "1 - 3",
        "d3-dispatch": "1 - 3",
        "d3-ease": "1 - 3",
        "d3-interpolate": "1 - 3",
        "d3-timer": "1 - 3"
      },
      "engines": {
        "node": ">=12"
      },
      "peerDependencies": {
        "d3-selection": "2 - 3"
      }
    },
    "node_modules/gradient-path": {
      "version": "2.3.0",
      "resolved": "https://pkgs.dev.azure.com/ardianfrance/_packaging/Common/npm/registry/gradient-path/-/gradient-path-2.3.0.tgz",
      "integrity": "sha1-5wuLlimDq5RLmrvgMMLOJC7oEbk=",
      "license": "MIT",
      "dependencies": {
        "tinygradient": "^1.0.0"
      }
    },
    "node_modules/internmap": {
      "version": "2.0.3",
      "resolved": "https://pkgs.dev.azure.com/ardianfrance/_packaging/Common/npm/registry/internmap/-/internmap-2.0.3.tgz",
      "integrity": "sha1-ZoXyN1XkPFJOJR0py8lySOMGEAk=",
      "license": "ISC",
      "engines": {
        "node": ">=12"
      }
    },
    "node_modules/tinycolor2": {
      "version": "1.6.0",
      "resolved": "https://pkgs.dev.azure.com/ardianfrance/_packaging/Common/npm/registry/tinycolor2/-/tinycolor2-1.6.0.tgz",
      "integrity": "sha1-+YAHRgFpsCY7lwcsWukkhM4C0J4=",
      "license": "MIT"
    },
    "node_modules/tinygradient": {
      "version": "1.1.5",
      "resolved": "https://pkgs.dev.azure.com/ardianfrance/_packaging/Common/npm/registry/tinygradient/-/tinygradient-1.1.5.tgz",
      "integrity": "sha1-D7hVzrGNlrIbp4C1GoASAzslMO8=",
      "license": "MIT",
      "dependencies": {
        "@types/tinycolor2": "^1.4.0",
        "tinycolor2": "^1.0.0"
      }
    },
    "node_modules/tslib": {
      "version": "2.8.1",
      "resolved": "https://pkgs.dev.azure.com/ardianfrance/_packaging/Common/npm/registry/tslib/-/tslib-2.8.1.tgz",
      "integrity": "sha1-YS7+TtI11Wfoq6Xypfq3AoCt6D8=",
      "license": "0BSD"
    }
  }
}
